Microsoft Visual Studio Solution File, Format Version 12.00
# Visual Studio Version 16
VisualStudioVersion = 16.0.28803.156
MinimumVisualStudioVersion = 10.0.40219.1
Project("{FAE04EC0-301F-11D3-BF4B-00C04F79EFBC}") = "GCRestaurantServer", "GCRestaurantServer\GCRestaurantServer.csproj", "{B4CE3DCA-82AE-452D-BC5D-D76BE300A005}"
EndProject
Project("{FAE04EC0-301F-11D3-BF4B-00C04F79EFBC}") = "NetworkLibrary", "NetworkLibrary\NetworkLibrary.csproj", "{27AA39A8-A284-4054-A84C-72CEC54ED6BF}"
EndProject
Project("{FAE04EC0-301F-11D3-BF4B-00C04F79EFBC}") = "LogSystem", "LogSystem\LogSystem.csproj", "{F756A2CC-5BA0-42F5-9B51-53DB3BA14541}"
EndProject
Project("{FAE04EC0-301F-11D3-BF4B-00C04F79EFBC}") = "EasyMysql", "EasyMysql\EasyMysql.csproj", "{B75EA7A8-D27B-4A48-AFF0-6410CF3DDDF6}"
EndProject
Project("{FAE04EC0-301F-11D3-BF4B-00C04F79EFBC}") = "UnitTestProject", "UnitTestProject\UnitTestProject.csproj", "{52159CFE-38DE-49BD-B199-8507163CE15A}"
EndProject
Global
	GlobalSection(SolutionConfigurationPlatforms) = preSolution
		Debug|Any CPU = Debug|Any CPU
		Release|Any CPU = Release|Any CPU
	EndGlobalSection
	GlobalSection(ProjectConfigurationPlatforms) = postSolution
		{B4CE3DCA-82AE-452D-BC5D-D76BE300A005}.Debug|Any CPU.ActiveCfg = Debug|Any CPU
		{B4CE3DCA-82AE-452D-BC5D-D76BE300A005}.Debug|Any CPU.Build.0 = Debug|Any CPU
		{B4CE3DCA-82AE-452D-BC5D-D76BE300A005}.Release|Any CPU.ActiveCfg = Release|Any CPU
		{B4CE3DCA-82AE-452D-BC5D-D76BE300A005}.Release|Any CPU.Build.0 = Release|Any CPU
		{27AA39A8-A284-4054-A84C-72CEC54ED6BF}.Debug|Any CPU.ActiveCfg = Debug|Any CPU
		{27AA39A8-A284-4054-A84C-72CEC54ED6BF}.Debug|Any CPU.Build.0 = Debug|Any CPU
		{27AA39A8-A284-4054-A84C-72CEC54ED6BF}.Release|Any CPU.ActiveCfg = Release|Any CPU
		{27AA39A8-A284-4054-A84C-72CEC54ED6BF}.Release|Any CPU.Build.0 = Release|Any CPU
		{F756A2CC-5BA0-42F5-9B51-53DB3BA14541}.Debug|Any CPU.ActiveCfg = Debug|Any CPU
		{F756A2CC-5BA0-42F5-9B51-53DB3BA14541}.Debug|Any CPU.Build.0 = Debug|Any CPU
		{F756A2CC-5BA0-42F5-9B51-53DB3BA14541}.Release|Any CPU.ActiveCfg = Release|Any CPU
		{F756A2CC-5BA0-42F5-9B51-53DB3BA14541}.Release|Any CPU.Build.0 = Release|Any CPU
		{B75EA7A8-D27B-4A48-AFF0-6410CF3DDDF6}.Debug|Any CPU.ActiveCfg = Debug|Any CPU
		{B75EA7A8-D27B-4A48-AFF0-6410CF3DDDF6}.Debug|Any CPU.Build.0 = Debug|Any CPU
		{B75EA7A8-D27B-4A48-AFF0-6410CF3DDDF6}.Release|Any CPU.ActiveCfg = Release|Any CPU
		{B75EA7A8-D27B-4A48-AFF0-6410CF3DDDF6}.Release|Any CPU.Build.0 = Release|Any CPU
		{52159CFE-38DE-49BD-B199-8507163CE15A}.Debug|Any CPU.ActiveCfg = Debug|Any CPU
		{52159CFE-38DE-49BD-B199-8507163CE15A}.Debug|Any CPU.Build.0 = Debug|Any CPU
		{52159CFE-38DE-49BD-B199-8507163CE15A}.Release|Any CPU.ActiveCfg = Release|Any CPU
		{52159CFE-38DE-49BD-B199-8507163CE15A}.Release|Any CPU.Build.0 = Release|Any CPU
	EndGlobalSection
	GlobalSection(SolutionProperties) = preSolution
		HideSolutionNode = FALSE
	EndGlobalSection
	GlobalSection(ExtensibilityGlobals) = postSolution
		SolutionGuid = {FAD890FB-5FEB-46DA-8AA4-5BC870D872E2}
	EndGlobalSection
EndGlobal
